// !$*UTF8*$!
{
	archiveVersion = 1;
	classes = {
	};
	objectVersion = 50;
	objects = {

/* Begin PBXBuildFile section */
		0909406C217B5B2400B38215 /* SendRequest.cpp in Sources */ = {isa = PBXBuildFile; fileRef = 094919CE217B574500095802 /* SendRequest.cpp */; };
		09094074217B681600B38215 /* SendRequest.hpp in Headers */ = {isa = PBXBuildFile; fileRef = 094919CD217B574500095802 /* SendRequest.hpp */; };
		091F49E92185CA0200E2A93D /* TextField.swift in Sources */ = {isa = PBXBuildFile; fileRef = 091F49E82185CA0200E2A93D /* TextField.swift */; };
		091F49EB2185CB7100E2A93D /* MessageManager.swift in Sources */ = {isa = PBXBuildFile; fileRef = 091F49EA2185CB7100E2A93D /* MessageManager.swift */; };
		0950A086217B2C6D00359595 /* AppDelegate.swift in Sources */ = {isa = PBXBuildFile; fileRef = 0950A085217B2C6D00359595 /* AppDelegate.swift */; };
		0950A088217B2C6D00359595 /* ViewController.swift in Sources */ = {isa = PBXBuildFile; fileRef = 0950A087217B2C6D00359595 /* ViewController.swift */; };
		0950A08D217B2C7100359595 /* Assets.xcassets in Resources */ = {isa = PBXBuildFile; fileRef = 0950A08C217B2C7100359595 /* Assets.xcassets */; };
		0950A090217B2C7100359595 /* LaunchScreen.storyboard in Resources */ = {isa = PBXBuildFile; fileRef = 0950A08E217B2C7100359595 /* LaunchScreen.storyboard */; };
		0950A09B217B2C7200359595 /* message2syncTests.swift in Sources */ = {isa = PBXBuildFile; fileRef = 0950A09A217B2C7200359595 /* message2syncTests.swift */; };
		0950A0B0217B51DB00359595 /* command.cpp in Sources */ = {isa = PBXBuildFile; fileRef = 0950A0AF217B51DB00359595 /* command.cpp */; };
		09A991CA2180F94E0036C8F9 /* Manager.swift in Sources */ = {isa = PBXBuildFile; fileRef = 09A991C92180F94E0036C8F9 /* Manager.swift */; };
		09A991CC2180F95F0036C8F9 /* Message.swift in Sources */ = {isa = PBXBuildFile; fileRef = 09A991CB2180F95F0036C8F9 /* Message.swift */; };
/* End PBXBuildFile section */

/* Begin PBXContainerItemProxy section */
		0950A097217B2C7200359595 /* PBXContainerItemProxy */ = {
			isa = PBXContainerItemProxy;
			containerPortal = 0950A07A217B2C6D00359595 /* Project object */;
			proxyType = 1;
			remoteGlobalIDString = 0950A081217B2C6D00359595;
			remoteInfo = message2sync;
		};
/* End PBXContainerItemProxy section */

/* Begin PBXFileReference section */
		091F49E82185CA0200E2A93D /* TextField.swift */ = {isa = PBXFileReference; lastKnownFileType = sourcecode.swift; path = TextField.swift; sourceTree = "<group>"; };
		091F49EA2185CB7100E2A93D /* MessageManager.swift */ = {isa = PBXFileReference; lastKnownFileType = sourcecode.swift; path = MessageManager.swift; sourceTree = "<group>"; };
		094919CD217B574500095802 /* SendRequest.hpp */ = {isa = PBXFileReference; lastKnownFileType = sourcecode.cpp.h; path = SendRequest.hpp; sourceTree = "<group>"; };
		094919CE217B574500095802 /* SendRequest.cpp */ = {isa = PBXFileReference; lastKnownFileType = sourcecode.cpp.cpp; path = SendRequest.cpp; sourceTree = "<group>"; };
		0950A082217B2C6D00359595 /* message2sync.app */ = {isa = PBXFileReference; explicitFileType = wrapper.application; includeInIndex = 0; path = message2sync.app; sourceTree = BUILT_PRODUCTS_DIR; };
		0950A085217B2C6D00359595 /* AppDelegate.swift */ = {isa = PBXFileReference; lastKnownFileType = sourcecode.swift; path = AppDelegate.swift; sourceTree = "<group>"; };
		0950A087217B2C6D00359595 /* ViewController.swift */ = {isa = PBXFileReference; lastKnownFileType = sourcecode.swift; path = ViewController.swift; sourceTree = "<group>"; };
		0950A08C217B2C7100359595 /* Assets.xcassets */ = {isa = PBXFileReference; lastKnownFileType = folder.assetcatalog; path = Assets.xcassets; sourceTree = "<group>"; };
		0950A08F217B2C7100359595 /* Base */ = {isa = PBXFileReference; lastKnownFileType = file.storyboard; name = Base; path = Base.lproj/LaunchScreen.storyboard; sourceTree = "<group>"; };
		0950A091217B2C7100359595 /* Info.plist */ = {isa = PBXFileReference; lastKnownFileType = text.plist.xml; path = Info.plist; sourceTree = "<group>"; };
		0950A096217B2C7200359595 /* message2syncTests.xctest */ = {isa = PBXFileReference; explicitFileType = wrapper.cfbundle; includeInIndex = 0; path = message2syncTests.xctest; sourceTree = BUILT_PRODUCTS_DIR; };
		0950A09A217B2C7200359595 /* message2syncTests.swift */ = {isa = PBXFileReference; lastKnownFileType = sourcecode.swift; path = message2syncTests.swift; sourceTree = "<group>"; };
		0950A09C217B2C7200359595 /* Info.plist */ = {isa = PBXFileReference; lastKnownFileType = text.plist.xml; path = Info.plist; sourceTree = "<group>"; };
		0950A0AA217B2CF100359595 /* wrapper.h */ = {isa = PBXFileReference; lastKnownFileType = sourcecode.c.h; path = wrapper.h; sourceTree = "<group>"; };
		0950A0AF217B51DB00359595 /* command.cpp */ = {isa = PBXFileReference; lastKnownFileType = sourcecode.cpp.cpp; path = command.cpp; sourceTree = "<group>"; };
		09A991C92180F94E0036C8F9 /* Manager.swift */ = {isa = PBXFileReference; lastKnownFileType = sourcecode.swift; path = Manager.swift; sourceTree = "<group>"; };
		09A991CB2180F95F0036C8F9 /* Message.swift */ = {isa = PBXFileReference; lastKnownFileType = sourcecode.swift; path = Message.swift; sourceTree = "<group>"; };
		09E338BA217B818600210A68 /* message2sync-Bridging-Header.h */ = {isa = PBXFileReference; lastKnownFileType = sourcecode.c.h; path = "message2sync-Bridging-Header.h"; sourceTree = "<group>"; };
/* End PBXFileReference section */

/* Begin PBXFrameworksBuildPhase section */
		0950A07F217B2C6D00359595 /* Frameworks */ = {
			isa = PBXFrameworksBuildPhase;
			buildActionMask = 2147483647;
			files = (
			);
			runOnlyForDeploymentPostprocessing = 0;
		};
		0950A093217B2C7200359595 /* Frameworks */ = {
			isa = PBXFrameworksBuildPhase;
			buildActionMask = 2147483647;
			files = (
			);
			runOnlyForDeploymentPostprocessing = 0;
		};
/* End PBXFrameworksBuildPhase section */

/* Begin PBXGroup section */
		0909406D217B5B8400B38215 /* Frameworks */ = {
			isa = PBXGroup;
			children = (
			);
			name = Frameworks;
			sourceTree = "<group>";
		};
		091F49EC2185CD1C00E2A93D /* Components */ = {
			isa = PBXGroup;
			children = (
				091F49E82185CA0200E2A93D /* TextField.swift */,
				09A991CB2180F95F0036C8F9 /* Message.swift */,
				091F49EA2185CB7100E2A93D /* MessageManager.swift */,
				09A991C92180F94E0036C8F9 /* Manager.swift */,
			);
			path = Components;
			sourceTree = "<group>";
		};
		0950A079217B2C6D00359595 = {
			isa = PBXGroup;
			children = (
				0950A084217B2C6D00359595 /* message2sync */,
				0950A099217B2C7200359595 /* message2syncTests */,
				0950A083217B2C6D00359595 /* Products */,
				0909406D217B5B8400B38215 /* Frameworks */,
			);
			sourceTree = "<group>";
		};
		0950A083217B2C6D00359595 /* Products */ = {
			isa = PBXGroup;
			children = (
				0950A082217B2C6D00359595 /* message2sync.app */,
				0950A096217B2C7200359595 /* message2syncTests.xctest */,
			);
			name = Products;
			sourceTree = "<group>";
		};
		0950A084217B2C6D00359595 /* message2sync */ = {
			isa = PBXGroup;
			children = (
				0950A0A5217B2C8B00359595 /* core */,
				0950A0A9217B2CDF00359595 /* bridger */,
				091F49EC2185CD1C00E2A93D /* Components */,
				0950A085217B2C6D00359595 /* AppDelegate.swift */,
				0950A087217B2C6D00359595 /* ViewController.swift */,
				0950A08C217B2C7100359595 /* Assets.xcassets */,
				0950A08E217B2C7100359595 /* LaunchScreen.storyboard */,
				0950A091217B2C7100359595 /* Info.plist */,
				09E338BA217B818600210A68 /* message2sync-Bridging-Header.h */,
			);
			path = message2sync;
			sourceTree = "<group>";
		};
		0950A099217B2C7200359595 /* message2syncTests */ = {
			isa = PBXGroup;
			children = (
				0950A09A217B2C7200359595 /* message2syncTests.swift */,
				0950A09C217B2C7200359595 /* Info.plist */,
			);
			path = message2syncTests;
			sourceTree = "<group>";
		};
		0950A0A5217B2C8B00359595 /* core */ = {
			isa = PBXGroup;
			children = (
				094919CE217B574500095802 /* SendRequest.cpp */,
				094919CD217B574500095802 /* SendRequest.hpp */,
				0950A0AF217B51DB00359595 /* command.cpp */,
			);
			path = core;
			sourceTree = "<group>";
		};
		0950A0A9217B2CDF00359595 /* bridger */ = {
			isa = PBXGroup;
			children = (
				0950A0AA217B2CF100359595 /* wrapper.h */,
			);
			path = bridger;
			sourceTree = "<group>";
		};
/* End PBXGroup section */

/* Begin PBXHeadersBuildPhase section */
		0909406F217B5C9300B38215 /* Headers */ = {
			isa = PBXHeadersBuildPhase;
			buildActionMask = 2147483647;
			files = (
				09094074217B681600B38215 /* SendRequest.hpp in Headers */,
			);
			runOnlyForDeploymentPostprocessing = 0;
		};
/* End PBXHeadersBuildPhase section */

/* Begin PBXNativeTarget section */
		0950A081217B2C6D00359595 /* message2sync */ = {
			isa = PBXNativeTarget;
			buildConfigurationList = 0950A09F217B2C7200359595 /* Build configuration list for PBXNativeTarget "message2sync" */;
			buildPhases = (
				0909406F217B5C9300B38215 /* Headers */,
				0950A07E217B2C6D00359595 /* Sources */,
				0950A07F217B2C6D00359595 /* Frameworks */,
				0950A080217B2C6D00359595 /* Resources */,
			);
			buildRules = (
			);
			dependencies = (
			);
			name = message2sync;
			productName = message2sync;
			productReference = 0950A082217B2C6D00359595 /* message2sync.app */;
			productType = "com.apple.product-type.application";
		};
		0950A095217B2C7200359595 /* message2syncTests */ = {
			isa = PBXNativeTarget;
			buildConfigurationList = 0950A0A2217B2C7200359595 /* Build configuration list for PBXNativeTarget "message2syncTests" */;
			buildPhases = (
				0950A092217B2C7200359595 /* Sources */,
				0950A093217B2C7200359595 /* Frameworks */,
				0950A094217B2C7200359595 /* Resources */,
			);
			buildRules = (
			);
			dependencies = (
				0950A098217B2C7200359595 /* PBXTargetDependency */,
			);
			name = message2syncTests;
			productName = message2syncTests;
			productReference = 0950A096217B2C7200359595 /* message2syncTests.xctest */;
			productType = "com.apple.product-type.bundle.unit-test";
		};
/* End PBXNativeTarget section */

/* Begin PBXProject section */
		0950A07A217B2C6D00359595 /* Project object */ = {
			isa = PBXProject;
			attributes = {
				LastSwiftUpdateCheck = 1000;
				LastUpgradeCheck = 1000;
				ORGANIZATIONNAME = "yuitora .";
				TargetAttributes = {
					0950A081217B2C6D00359595 = {
						CreatedOnToolsVersion = 10.0;
						LastSwiftMigration = 1000;
					};
					0950A095217B2C7200359595 = {
						CreatedOnToolsVersion = 10.0;
						TestTargetID = 0950A081217B2C6D00359595;
					};
				};
			};
			buildConfigurationList = 0950A07D217B2C6D00359595 /* Build configuration list for PBXProject "message2sync" */;
			compatibilityVersion = "Xcode 9.3";
			developmentRegion = en;
			hasScannedForEncodings = 0;
			knownRegions = (
				en,
				Base,
			);
			mainGroup = 0950A079217B2C6D00359595;
			productRefGroup = 0950A083217B2C6D00359595 /* Products */;
			projectDirPath = "";
			projectRoot = "";
			targets = (
				0950A081217B2C6D00359595 /* message2sync */,
				0950A095217B2C7200359595 /* message2syncTests */,
			);
		};
/* End PBXProject section */

/* Begin PBXResourcesBuildPhase section */
		0950A080217B2C6D00359595 /* Resources */ = {
			isa = PBXResourcesBuildPhase;
			buildActionMask = 2147483647;
			files = (
				0950A090217B2C7100359595 /* LaunchScreen.storyboard in Resources */,
				0950A08D217B2C7100359595 /* Assets.xcassets in Resources */,
			);
			runOnlyForDeploymentPostprocessing = 0;
		};
		0950A094217B2C7200359595 /* Resources */ = {
			isa = PBXResourcesBuildPhase;
			buildActionMask = 2147483647;
			files = (
			);
			runOnlyForDeploymentPostprocessing = 0;
		};
/* End PBXResourcesBuildPhase section */

/* Begin PBXSourcesBuildPhase section */
		0950A07E217B2C6D00359595 /* Sources */ = {
			isa = PBXSourcesBuildPhase;
			buildActionMask = 2147483647;
			files = (
				0909406C217B5B2400B38215 /* SendRequest.cpp in Sources */,
				09A991CC2180F95F0036C8F9 /* Message.swift in Sources */,
				0950A088217B2C6D00359595 /* ViewController.swift in Sources */,
				091F49E92185CA0200E2A93D /* TextField.swift in Sources */,
				0950A086217B2C6D00359595 /* AppDelegate.swift in Sources */,
				0950A0B0217B51DB00359595 /* command.cpp in Sources */,
				09A991CA2180F94E0036C8F9 /* Manager.swift in Sources */,
				091F49EB2185CB7100E2A93D /* MessageManager.swift in Sources */,
			);
			runOnlyForDeploymentPostprocessing = 0;
		};
		0950A092217B2C7200359595 /* Sources */ = {
			isa = PBXSourcesBuildPhase;
			buildActionMask = 2147483647;
			files = (
				0950A09B217B2C7200359595 /* message2syncTests.swift in Sources */,
			);
			runOnlyForDeploymentPostprocessing = 0;
		};
/* End PBXSourcesBuildPhase section */

/* Begin PBXTargetDependency section */
		0950A098217B2C7200359595 /* PBXTargetDependency */ = {
			isa = PBXTargetDependency;
			target = 0950A081217B2C6D00359595 /* message2sync */;
			targetProxy = 0950A097217B2C7200359595 /* PBXContainerItemProxy */;
		};
/* End PBXTargetDependency section */

/* Begin PBXVariantGroup section */
		0950A08E217B2C7100359595 /* LaunchScreen.storyboard */ = {
			isa = PBXVariantGroup;
			children = (
				0950A08F217B2C7100359595 /* Base */,
			);
			name = LaunchScreen.storyboard;
			sourceTree = "<group>";
		};
/* End PBXVariantGroup section */

/* Begin XCBuildConfiguration section */
		0950A09D217B2C7200359595 /* Debug */ = {
			isa = XCBuildConfiguration;
			buildSettings = {
				ALWAYS_SEARCH_USER_PATHS = NO;
				CLANG_ANALYZER_NONNULL = YES;
				CLANG_ANALYZER_NUMBER_OBJECT_CONVERSION = YES_AGGRESSIVE;
				CLANG_CXX_LANGUAGE_STANDARD = "gnu++14";
				CLANG_CXX_LIBRARY = "libc++";
				CLANG_ENABLE_MODULES = YES;
				CLANG_ENABLE_OBJC_ARC = YES;
				CLANG_ENABLE_OBJC_WEAK = YES;
				CLANG_WARN_BLOCK_CAPTURE_AUTORELEASING = YES;
				CLANG_WARN_BOOL_CONVERSION = YES;
				CLANG_WARN_COMMA = YES;
				CLANG_WARN_CONSTANT_CONVERSION = YES;
				CLANG_WARN_DEPRECATED_OBJC_IMPLEMENTATIONS = YES;
				CLANG_WARN_DIRECT_OBJC_ISA_USAGE = YES_ERROR;
				CLANG_WARN_DOCUMENTATION_COMMENTS = YES;
				CLANG_WARN_EMPTY_BODY = YES;
				CLANG_WARN_ENUM_CONVERSION = YES;
				CLANG_WARN_INFINITE_RECURSION = YES;
				CLANG_WARN_INT_CONVERSION = YES;
				CLANG_WARN_NON_LITERAL_NULL_CONVERSION = YES;
				CLANG_WARN_OBJC_IMPLICIT_RETAIN_SELF = YES;
				CLANG_WARN_OBJC_LITERAL_CONVERSION = YES;
				CLANG_WARN_OBJC_ROOT_CLASS = YES_ERROR;
				CLANG_WARN_RANGE_LOOP_ANALYSIS = YES;
				CLANG_WARN_STRICT_PROTOTYPES = YES;
				CLANG_WARN_SUSPICIOUS_MOVE = YES;
				CLANG_WARN_UNGUARDED_AVAILABILITY = YES_AGGRESSIVE;
				CLANG_WARN_UNREACHABLE_CODE = YES;
				CLANG_WARN__DUPLICATE_METHOD_MATCH = YES;
				CODE_SIGN_IDENTITY = "iPhone Developer";
				COPY_PHASE_STRIP = NO;
				DEBUG_INFORMATION_FORMAT = dwarf;
				ENABLE_STRICT_OBJC_MSGSEND = YES;
				ENABLE_TESTABILITY = YES;
				GCC_C_LANGUAGE_STANDARD = gnu11;
				GCC_DYNAMIC_NO_PIC = NO;
				GCC_NO_COMMON_BLOCKS = YES;
				GCC_OPTIMIZATION_LEVEL = 0;
				GCC_PREPROCESSOR_DEFINITIONS = (
					"DEBUG=1",
					"$(inherited)",
				);
				GCC_WARN_64_TO_32_BIT_CONVERSION = YES;
				GCC_WARN_ABOUT_RETURN_TYPE = YES_ERROR;
				GCC_WARN_UNDECLARED_SELECTOR = YES;
				GCC_WARN_UNINITIALIZED_AUTOS = YES_AGGRESSIVE;
				GCC_WARN_UNUSED_FUNCTION = YES;
				GCC_WARN_UNUSED_VARIABLE = YES;
				IPHONEOS_DEPLOYMENT_TARGET = 12.0;
				MTL_ENABLE_DEBUG_INFO = INCLUDE_SOURCE;
				MTL_FAST_MATH = YES;
				ONLY_ACTIVE_ARCH = YES;
				SDKROOT = iphoneos;
				SWIFT_ACTIVE_COMPILATION_CONDITIONS = DEBUG;
				SWIFT_OPTIMIZATION_LEVEL = "-Onone";
			};
			name = Debug;
		};
		0950A09E217B2C7200359595 /* Release */ = {
			isa = XCBuildConfiguration;
			buildSettings = {
				ALWAYS_SEARCH_USER_PATHS = NO;
				CLANG_ANALYZER_NONNULL = YES;
				CLANG_ANALYZER_NUMBER_OBJECT_CONVERSION = YES_AGGRESSIVE;
				CLANG_CXX_LANGUAGE_STANDARD = "gnu++14";
				CLANG_CXX_LIBRARY = "libc++";
				CLANG_ENABLE_MODULES = YES;
				CLANG_ENABLE_OBJC_ARC = YES;
				CLANG_ENABLE_OBJC_WEAK = YES;
				CLANG_WARN_BLOCK_CAPTURE_AUTORELEASING = YES;
				CLANG_WARN_BOOL_CONVERSION = YES;
				CLANG_WARN_COMMA = YES;
				CLANG_WARN_CONSTANT_CONVERSION = YES;
				CLANG_WARN_DEPRECATED_OBJC_IMPLEMENTATIONS = YES;
				CLANG_WARN_DIRECT_OBJC_ISA_USAGE = YES_ERROR;
				CLANG_WARN_DOCUMENTATION_COMMENTS = YES;
				CLANG_WARN_EMPTY_BODY = YES;
				CLANG_WARN_ENUM_CONVERSION = YES;
				CLANG_WARN_INFINITE_RECURSION = YES;
				CLANG_WARN_INT_CONVERSION = YES;
				CLANG_WARN_NON_LITERAL_NULL_CONVERSION = YES;
				CLANG_WARN_OBJC_IMPLICIT_RETAIN_SELF = YES;
				CLANG_WARN_OBJC_LITERAL_CONVERSION = YES;
				CLANG_WARN_OBJC_ROOT_CLASS = YES_ERROR;
				CLANG_WARN_RANGE_LOOP_ANALYSIS = YES;
				CLANG_WARN_STRICT_PROTOTYPES = YES;
				CLANG_WARN_SUSPICIOUS_MOVE = YES;
				CLANG_WARN_UNGUARDED_AVAILABILITY = YES_AGGRESSIVE;
				CLANG_WARN_UNREACHABLE_CODE = YES;
				CLANG_WARN__DUPLICATE_METHOD_MATCH = YES;
				CODE_SIGN_IDENTITY = "iPhone Developer";
				COPY_PHASE_STRIP = NO;
				DEBUG_INFORMATION_FORMAT = "dwarf-with-dsym";
				ENABLE_NS_ASSERTIONS = NO;
				ENABLE_STRICT_OBJC_MSGSEND = YES;
				GCC_C_LANGUAGE_STANDARD = gnu11;
				GCC_NO_COMMON_BLOCKS = YES;
				GCC_WARN_64_TO_32_BIT_CONVERSION = YES;
				GCC_WARN_ABOUT_RETURN_TYPE = YES_ERROR;
				GCC_WARN_UNDECLARED_SELECTOR = YES;
				GCC_WARN_UNINITIALIZED_AUTOS = YES_AGGRESSIVE;
				GCC_WARN_UNUSED_FUNCTION = YES;
				GCC_WARN_UNUSED_VARIABLE = YES;
				IPHONEOS_DEPLOYMENT_TARGET = 12.0;
				MTL_ENABLE_DEBUG_INFO = NO;
				MTL_FAST_MATH = YES;
				SDKROOT = iphoneos;
				SWIFT_COMPILATION_MODE = wholemodule;
				SWIFT_OPTIMIZATION_LEVEL = "-O";
				VALIDATE_PRODUCT = YES;
			};
			name = Release;
		};
		0950A0A0217B2C7200359595 /* Debug */ = {
			isa = XCBuildConfiguration;
			buildSettings = {
				ASSETCATALOG_COMPILER_APPICON_NAME = AppIcon;
				CLANG_ENABLE_MODULES = YES;
				CODE_SIGN_IDENTITY = "iPhone Developer";
				CODE_SIGN_STYLE = Automatic;
				DEVELOPMENT_TEAM = HBGM6XP69S;
				INFOPLIST_FILE = message2sync/Info.plist;
				LD_RUNPATH_SEARCH_PATHS = (
					"$(inherited)",
					"@executable_path/Frameworks",
				);
				LIBRARY_SEARCH_PATHS = (
					"$(inherited)",
					"$(PROJECT_DIR)/libs",
				);
				PRODUCT_BUNDLE_IDENTIFIER = com.yuitora.message2sync;
				PRODUCT_NAME = "$(TARGET_NAME)";
				PROVISIONING_PROFILE_SPECIFIER = "";
				SWIFT_OBJC_BRIDGING_HEADER = "message2sync/message2sync-Bridging-Header.h";
				SWIFT_OPTIMIZATION_LEVEL = "-Onone";
				SWIFT_VERSION = 4.2;
				TARGETED_DEVICE_FAMILY = "1,2";
			};
			name = Debug;
		};
		0950A0A1217B2C7200359595 /* Release */ = {
			isa = XCBuildConfiguration;
			buildSettings = {
				ASSETCATALOG_COMPILER_APPICON_NAME = AppIcon;
				CLANG_ENABLE_MODULES = YES;
				CODE_SIGN_IDENTITY = "iPhone Developer";
				CODE_SIGN_STYLE = Automatic;
				DEVELOPMENT_TEAM = HBGM6XP69S;
				INFOPLIST_FILE = message2sync/Info.plist;
				LD_RUNPATH_SEARCH_PATHS = (
					"$(inherited)",
					"@executable_path/Frameworks",
				);
				LIBRARY_SEARCH_PATHS = (
					"$(inherited)",
					"$(PROJECT_DIR)/libs",
				);
				PRODUCT_BUNDLE_IDENTIFIER = com.yuitora.message2sync;
				PRODUCT_NAME = "$(TARGET_NAME)";
				PROVISIONING_PROFILE_SPECIFIER = "";
				SWIFT_OBJC_BRIDGING_HEADER = "message2sync/message2sync-Bridging-Header.h";
				SWIFT_VERSION = 4.2;
				TARGETED_DEVICE_FAMILY = "1,2";
			};
			name = Release;
		};
		0950A0A3217B2C7200359595 /* Debug */ = {
			isa = XCBuildConfiguration;
			buildSettings = {
				ALWAYS_EMBED_SWIFT_STANDARD_LIBRARIES = YES;
				BUNDLE_LOADER = "$(TEST_HOST)";
				CODE_SIGN_STYLE = Automatic;
				DEVELOPMENT_TEAM = HBGM6XP69S;
				INFOPLIST_FILE = message2syncTests/Info.plist;
				LD_RUNPATH_SEARCH_PATHS = (
					"$(inherited)",
					"@executable_path/Frameworks",
					"@loader_path/Frameworks",
				);
				PRODUCT_BUNDLE_IDENTIFIER = com.yuitora.message2syncTests;
				PRODUCT_NAME = "$(TARGET_NAME)";
				SWIFT_VERSION = 4.2;
				TARGETED_DEVICE_FAMILY = "1,2";
				TEST_HOST = "$(BUILT_PRODUCTS_DIR)/message2sync.app/message2sync";
			};
			name = Debug;
		};
		0950A0A4217B2C7200359595 /* Release */ = {
			isa = XCBuildConfiguration;
			buildSettings = {
				ALWAYS_EMBED_SWIFT_STANDARD_LIBRARIES = YES;
				BUNDLE_LOADER = "$(TEST_HOST)";
				CODE_SIGN_STYLE = Automatic;
				DEVELOPMENT_TEAM = HBGM6XP69S;
				INFOPLIST_FILE = message2syncTests/Info.plist;
				LD_RUNPATH_SEARCH_PATHS = (
					"$(inherited)",
					"@executable_path/Frameworks",
					"@loader_path/Frameworks",
				);
				PRODUCT_BUNDLE_IDENTIFIER = com.yuitora.message2syncTests;
				PRODUCT_NAME = "$(TARGET_NAME)";
				SWIFT_VERSION = 4.2;
				TARGETED_DEVICE_FAMILY = "1,2";
				TEST_HOST = "$(BUILT_PRODUCTS_DIR)/message2sync.app/message2sync";
			};
			name = Release;
		};
/* End XCBuildConfiguration section */

/* Begin XCConfigurationList section */
		0950A07D217B2C6D00359595 /* Build configuration list for PBXProject "message2sync" */ = {
			isa = XCConfigurationList;
			buildConfigurations = (
				0950A09D217B2C7200359595 /* Debug */,
				0950A09E217B2C7200359595 /* Release */,
			);
			defaultConfigurationIsVisible = 0;
			defaultConfigurationName = Release;
		};
		0950A09F217B2C7200359595 /* Build configuration list for PBXNativeTarget "message2sync" */ = {
			isa = XCConfigurationList;
			buildConfigurations = (
				0950A0A0217B2C7200359595 /* Debug */,
				0950A0A1217B2C7200359595 /* Release */,
			);
			defaultConfigurationIsVisible = 0;
			defaultConfigurationName = Release;
		};
		0950A0A2217B2C7200359595 /* Build configuration list for PBXNativeTarget "message2syncTests" */ = {
			isa = XCConfigurationList;
			buildConfigurations = (
				0950A0A3217B2C7200359595 /* Debug */,
				0950A0A4217B2C7200359595 /* Release */,
			);
			defaultConfigurationIsVisible = 0;
			defaultConfigurationName = Release;
		};
/* End XCConfigurationList section */
	};
	rootObject = 0950A07A217B2C6D00359595 /* Project object */;
}
